
Microsoft Visual Studio Solution File, Format Version 12.00
# Visual Studio 15
VisualStudioVersion = 15.0.27428.2011
MinimumVisualStudioVersion = 10.0.40219.1
Project("{FAE04EC0-301F-11D3-BF4B-00C04F79EFBC}") = "SolutionA.Android", "SolutionA\SolutionA.Android\SolutionA.Android.csproj", "{C1C35376-B94A-4520-A6B9-52CAB2AB044C}"
EndProject
Project("{FAE04EC0-301F-11D3-BF4B-00C04F79EFBC}") = "SolutionA.iOS", "SolutionA\SolutionA.iOS\SolutionA.iOS.csproj", "{D5015390-AC22-4884-84F3-323B74FF2AA8}"
EndProject
Project("{FAE04EC0-301F-11D3-BF4B-00C04F79EFBC}") = "SolutionA.UWP", "SolutionA\SolutionA.UWP\SolutionA.UWP.csproj", "{E5E56426-F2DB-4FD4-AEA9-D92F94A7DC04}"
EndProject
Project("{FAE04EC0-301F-11D3-BF4B-00C04F79EFBC}") = "SolutionA", "SolutionA\SolutionA\SolutionA.csproj", "{51D285C8-5F38-4D81-B13A-C89279E6E40B}"
EndProject
Global
	GlobalSection(SolutionConfigurationPlatforms) = preSolution
		Ad-Hoc|Any CPU = Ad-Hoc|Any CPU
		Ad-Hoc|ARM = Ad-Hoc|ARM
		Ad-Hoc|iPhone = Ad-Hoc|iPhone
		Ad-Hoc|iPhoneSimulator = Ad-Hoc|iPhoneSimulator
		Ad-Hoc|x64 = Ad-Hoc|x64
		Ad-Hoc|x86 = Ad-Hoc|x86
		AppStore|Any CPU = AppStore|Any CPU
		AppStore|ARM = AppStore|ARM
		AppStore|iPhone = AppStore|iPhone
		AppStore|iPhoneSimulator = AppStore|iPhoneSimulator
		AppStore|x64 = AppStore|x64
		AppStore|x86 = AppStore|x86
		Debug|Any CPU = Debug|Any CPU
		Debug|ARM = Debug|ARM
		Debug|iPhone = Debug|iPhone
		Debug|iPhoneSimulator = Debug|iPhoneSimulator
		Debug|x64 = Debug|x64
		Debug|x86 = Debug|x86
		Release|Any CPU = Release|Any CPU
		Release|ARM = Release|ARM
		Release|iPhone = Release|iPhone
		Release|iPhoneSimulator = Release|iPhoneSimulator
		Release|x64 = Release|x64
		Release|x86 = Release|x86
	EndGlobalSection
	GlobalSection(ProjectConfigurationPlatforms) = postSolution
		{C1C35376-B94A-4520-A6B9-52CAB2AB044C}.Ad-Hoc|Any CPU.ActiveCfg = Release|Any CPU
		{C1C35376-B94A-4520-A6B9-52CAB2AB044C}.Ad-Hoc|Any CPU.Build.0 = Release|Any CPU
		{C1C35376-B94A-4520-A6B9-52CAB2AB044C}.Ad-Hoc|Any CPU.Deploy.0 = Release|Any CPU
		{C1C35376-B94A-4520-A6B9-52CAB2AB044C}.Ad-Hoc|ARM.ActiveCfg = Release|Any CPU
		{C1C35376-B94A-4520-A6B9-52CAB2AB044C}.Ad-Hoc|ARM.Build.0 = Release|Any CPU
		{C1C35376-B94A-4520-A6B9-52CAB2AB044C}.Ad-Hoc|ARM.Deploy.0 = Release|Any CPU
		{C1C35376-B94A-4520-A6B9-52CAB2AB044C}.Ad-Hoc|iPhone.ActiveCfg = Release|Any CPU
		{C1C35376-B94A-4520-A6B9-52CAB2AB044C}.Ad-Hoc|iPhone.Build.0 = Release|Any CPU
		{C1C35376-B94A-4520-A6B9-52CAB2AB044C}.Ad-Hoc|iPhone.Deploy.0 = Release|Any CPU
		{C1C35376-B94A-4520-A6B9-52CAB2AB044C}.Ad-Hoc|iPhoneSimulator.ActiveCfg = Release|Any CPU
		{C1C35376-B94A-4520-A6B9-52CAB2AB044C}.Ad-Hoc|iPhoneSimulator.Build.0 = Release|Any CPU
		{C1C35376-B94A-4520-A6B9-52CAB2AB044C}.Ad-Hoc|iPhoneSimulator.Deploy.0 = Release|Any CPU
		{C1C35376-B94A-4520-A6B9-52CAB2AB044C}.Ad-Hoc|x64.ActiveCfg = Release|Any CPU
		{C1C35376-B94A-4520-A6B9-52CAB2AB044C}.Ad-Hoc|x64.Build.0 = Release|Any CPU
		{C1C35376-B94A-4520-A6B9-52CAB2AB044C}.Ad-Hoc|x64.Deploy.0 = Release|Any CPU
		{C1C35376-B94A-4520-A6B9-52CAB2AB044C}.Ad-Hoc|x86.ActiveCfg = Release|Any CPU
		{C1C35376-B94A-4520-A6B9-52CAB2AB044C}.Ad-Hoc|x86.Build.0 = Release|Any CPU
		{C1C35376-B94A-4520-A6B9-52CAB2AB044C}.Ad-Hoc|x86.Deploy.0 = Release|Any CPU
		{C1C35376-B94A-4520-A6B9-52CAB2AB044C}.AppStore|Any CPU.ActiveCfg = Release|Any CPU
		{C1C35376-B94A-4520-A6B9-52CAB2AB044C}.AppStore|Any CPU.Build.0 = Release|Any CPU
		{C1C35376-B94A-4520-A6B9-52CAB2AB044C}.AppStore|Any CPU.Deploy.0 = Release|Any CPU
		{C1C35376-B94A-4520-A6B9-52CAB2AB044C}.AppStore|ARM.ActiveCfg = Release|Any CPU
		{C1C35376-B94A-4520-A6B9-52CAB2AB044C}.AppStore|ARM.Build.0 = Release|Any CPU
		{C1C35376-B94A-4520-A6B9-52CAB2AB044C}.AppStore|ARM.Deploy.0 = Release|Any CPU
		{C1C35376-B94A-4520-A6B9-52CAB2AB044C}.AppStore|iPhone.ActiveCfg = Release|Any CPU
		{C1C35376-B94A-4520-A6B9-52CAB2AB044C}.AppStore|iPhone.Build.0 = Release|Any CPU
		{C1C35376-B94A-4520-A6B9-52CAB2AB044C}.AppStore|iPhone.Deploy.0 = Release|Any CPU
		{C1C35376-B94A-4520-A6B9-52CAB2AB044C}.AppStore|iPhoneSimulator.ActiveCfg = Release|Any CPU
		{C1C35376-B94A-4520-A6B9-52CAB2AB044C}.AppStore|iPhoneSimulator.Build.0 = Release|Any CPU
		{C1C35376-B94A-4520-A6B9-52CAB2AB044C}.AppStore|iPhoneSimulator.Deploy.0 = Release|Any CPU
		{C1C35376-B94A-4520-A6B9-52CAB2AB044C}.AppStore|x64.ActiveCfg = Release|Any CPU
		{C1C35376-B94A-4520-A6B9-52CAB2AB044C}.AppStore|x64.Build.0 = Release|Any CPU
		{C1C35376-B94A-4520-A6B9-52CAB2AB044C}.AppStore|x64.Deploy.0 = Release|Any CPU
		{C1C35376-B94A-4520-A6B9-52CAB2AB044C}.AppStore|x86.ActiveCfg = Release|Any CPU
		{C1C35376-B94A-4520-A6B9-52CAB2AB044C}.AppStore|x86.Build.0 = Release|Any CPU
		{C1C35376-B94A-4520-A6B9-52CAB2AB044C}.AppStore|x86.Deploy.0 = Release|Any CPU
		{C1C35376-B94A-4520-A6B9-52CAB2AB044C}.Debug|Any CPU.ActiveCfg = Debug|Any CPU
		{C1C35376-B94A-4520-A6B9-52CAB2AB044C}.Debug|Any CPU.Build.0 = Debug|Any CPU
		{C1C35376-B94A-4520-A6B9-52CAB2AB044C}.Debug|Any CPU.Deploy.0 = Debug|Any CPU
		{C1C35376-B94A-4520-A6B9-52CAB2AB044C}.Debug|ARM.ActiveCfg = Debug|Any CPU
		{C1C35376-B94A-4520-A6B9-52CAB2AB044C}.Debug|ARM.Build.0 = Debug|Any CPU
		{C1C35376-B94A-4520-A6B9-52CAB2AB044C}.Debug|ARM.Deploy.0 = Debug|Any CPU
		{C1C35376-B94A-4520-A6B9-52CAB2AB044C}.Debug|iPhone.ActiveCfg = Debug|Any CPU
		{C1C35376-B94A-4520-A6B9-52CAB2AB044C}.Debug|iPhone.Build.0 = Debug|Any CPU
		{C1C35376-B94A-4520-A6B9-52CAB2AB044C}.Debug|iPhone.Deploy.0 = Debug|Any CPU
		{C1C35376-B94A-4520-A6B9-52CAB2AB044C}.Debug|iPhoneSimulator.ActiveCfg = Debug|Any CPU
		{C1C35376-B94A-4520-A6B9-52CAB2AB044C}.Debug|iPhoneSimulator.Build.0 = Debug|Any CPU
		{C1C35376-B94A-4520-A6B9-52CAB2AB044C}.Debug|iPhoneSimulator.Deploy.0 = Debug|Any CPU
		{C1C35376-B94A-4520-A6B9-52CAB2AB044C}.Debug|x64.ActiveCfg = Debug|Any CPU
		{C1C35376-B94A-4520-A6B9-52CAB2AB044C}.Debug|x64.Build.0 = Debug|Any CPU
		{C1C35376-B94A-4520-A6B9-52CAB2AB044C}.Debug|x64.Deploy.0 = Debug|Any CPU
		{C1C35376-B94A-4520-A6B9-52CAB2AB044C}.Debug|x86.ActiveCfg = Debug|Any CPU
		{C1C35376-B94A-4520-A6B9-52CAB2AB044C}.Debug|x86.Build.0 = Debug|Any CPU
		{C1C35376-B94A-4520-A6B9-52CAB2AB044C}.Debug|x86.Deploy.0 = Debug|Any CPU
		{C1C35376-B94A-4520-A6B9-52CAB2AB044C}.Release|Any CPU.ActiveCfg = Release|Any CPU
		{C1C35376-B94A-4520-A6B9-52CAB2AB044C}.Release|Any CPU.Build.0 = Release|Any CPU
		{C1C35376-B94A-4520-A6B9-52CAB2AB044C}.Release|Any CPU.Deploy.0 = Release|Any CPU
		{C1C35376-B94A-4520-A6B9-52CAB2AB044C}.Release|ARM.ActiveCfg = Release|Any CPU
		{C1C35376-B94A-4520-A6B9-52CAB2AB044C}.Release|ARM.Build.0 = Release|Any CPU
		{C1C35376-B94A-4520-A6B9-52CAB2AB044C}.Release|ARM.Deploy.0 = Release|Any CPU
		{C1C35376-B94A-4520-A6B9-52CAB2AB044C}.Release|iPhone.ActiveCfg = Release|Any CPU
		{C1C35376-B94A-4520-A6B9-52CAB2AB044C}.Release|iPhone.Build.0 = Release|Any CPU
		{C1C35376-B94A-4520-A6B9-52CAB2AB044C}.Release|iPhone.Deploy.0 = Release|Any CPU
		{C1C35376-B94A-4520-A6B9-52CAB2AB044C}.Release|iPhoneSimulator.ActiveCfg = Release|Any CPU
		{C1C35376-B94A-4520-A6B9-52CAB2AB044C}.Release|iPhoneSimulator.Build.0 = Release|Any CPU
		{C1C35376-B94A-4520-A6B9-52CAB2AB044C}.Release|iPhoneSimulator.Deploy.0 = Release|Any CPU
		{C1C35376-B94A-4520-A6B9-52CAB2AB044C}.Release|x64.ActiveCfg = Release|Any CPU
		{C1C35376-B94A-4520-A6B9-52CAB2AB044C}.Release|x64.Build.0 = Release|Any CPU
		{C1C35376-B94A-4520-A6B9-52CAB2AB044C}.Release|x64.Deploy.0 = Release|Any CPU
		{C1C35376-B94A-4520-A6B9-52CAB2AB044C}.Release|x86.ActiveCfg = Release|Any CPU
		{C1C35376-B94A-4520-A6B9-52CAB2AB044C}.Release|x86.Build.0 = Release|Any CPU
		{C1C35376-B94A-4520-A6B9-52CAB2AB044C}.Release|x86.Deploy.0 = Release|Any CPU
		{D5015390-AC22-4884-84F3-323B74FF2AA8}.Ad-Hoc|Any CPU.ActiveCfg = Ad-Hoc|iPhone
		{D5015390-AC22-4884-84F3-323B74FF2AA8}.Ad-Hoc|ARM.ActiveCfg = Ad-Hoc|iPhone
		{D5015390-AC22-4884-84F3-323B74FF2AA8}.Ad-Hoc|iPhone.ActiveCfg = Ad-Hoc|iPhone
		{D5015390-AC22-4884-84F3-323B74FF2AA8}.Ad-Hoc|iPhone.Build.0 = Ad-Hoc|iPhone
		{D5015390-AC22-4884-84F3-323B74FF2AA8}.Ad-Hoc|iPhoneSimulator.ActiveCfg = Ad-Hoc|iPhoneSimulator
		{D5015390-AC22-4884-84F3-323B74FF2AA8}.Ad-Hoc|iPhoneSimulator.Build.0 = Ad-Hoc|iPhoneSimulator
		{D5015390-AC22-4884-84F3-323B74FF2AA8}.Ad-Hoc|x64.ActiveCfg = Ad-Hoc|iPhone
		{D5015390-AC22-4884-84F3-323B74FF2AA8}.Ad-Hoc|x86.ActiveCfg = Ad-Hoc|iPhone
		{D5015390-AC22-4884-84F3-323B74FF2AA8}.AppStore|Any CPU.ActiveCfg = AppStore|iPhone
		{D5015390-AC22-4884-84F3-323B74FF2AA8}.AppStore|ARM.ActiveCfg = AppStore|iPhone
		{D5015390-AC22-4884-84F3-323B74FF2AA8}.AppStore|iPhone.ActiveCfg = AppStore|iPhone
		{D5015390-AC22-4884-84F3-323B74FF2AA8}.AppStore|iPhone.Build.0 = AppStore|iPhone
		{D5015390-AC22-4884-84F3-323B74FF2AA8}.AppStore|iPhoneSimulator.ActiveCfg = AppStore|iPhoneSimulator
		{D5015390-AC22-4884-84F3-323B74FF2AA8}.AppStore|iPhoneSimulator.Build.0 = AppStore|iPhoneSimulator
		{D5015390-AC22-4884-84F3-323B74FF2AA8}.AppStore|x64.ActiveCfg = AppStore|iPhone
		{D5015390-AC22-4884-84F3-323B74FF2AA8}.AppStore|x86.ActiveCfg = AppStore|iPhone
		{D5015390-AC22-4884-84F3-323B74FF2AA8}.Debug|Any CPU.ActiveCfg = Debug|iPhone
		{D5015390-AC22-4884-84F3-323B74FF2AA8}.Debug|ARM.ActiveCfg = Debug|iPhone
		{D5015390-AC22-4884-84F3-323B74FF2AA8}.Debug|iPhone.ActiveCfg = Debug|iPhone
		{D5015390-AC22-4884-84F3-323B74FF2AA8}.Debug|iPhone.Build.0 = Debug|iPhone
		{D5015390-AC22-4884-84F3-323B74FF2AA8}.Debug|iPhoneSimulator.ActiveCfg = Debug|iPhoneSimulator
		{D5015390-AC22-4884-84F3-323B74FF2AA8}.Debug|iPhoneSimulator.Build.0 = Debug|iPhoneSimulator
		{D5015390-AC22-4884-84F3-323B74FF2AA8}.Debug|x64.ActiveCfg = Debug|iPhone
		{D5015390-AC22-4884-84F3-323B74FF2AA8}.Debug|x86.ActiveCfg = Debug|iPhone
		{D5015390-AC22-4884-84F3-323B74FF2AA8}.Release|Any CPU.ActiveCfg = Release|iPhone
		{D5015390-AC22-4884-84F3-323B74FF2AA8}.Release|ARM.ActiveCfg = Release|iPhone
		{D5015390-AC22-4884-84F3-323B74FF2AA8}.Release|iPhone.ActiveCfg = Release|iPhone
		{D5015390-AC22-4884-84F3-323B74FF2AA8}.Release|iPhone.Build.0 = Release|iPhone
		{D5015390-AC22-4884-84F3-323B74FF2AA8}.Release|iPhoneSimulator.ActiveCfg = Release|iPhoneSimulator
		{D5015390-AC22-4884-84F3-323B74FF2AA8}.Release|iPhoneSimulator.Build.0 = Release|iPhoneSimulator
		{D5015390-AC22-4884-84F3-323B74FF2AA8}.Release|x64.ActiveCfg = Release|iPhone
		{D5015390-AC22-4884-84F3-323B74FF2AA8}.Release|x86.ActiveCfg = Release|iPhone
		{E5E56426-F2DB-4FD4-AEA9-D92F94A7DC04}.Ad-Hoc|Any CPU.ActiveCfg = Release|x86
		{E5E56426-F2DB-4FD4-AEA9-D92F94A7DC04}.Ad-Hoc|Any CPU.Build.0 = Release|x86
		{E5E56426-F2DB-4FD4-AEA9-D92F94A7DC04}.Ad-Hoc|Any CPU.Deploy.0 = Release|x86
		{E5E56426-F2DB-4FD4-AEA9-D92F94A7DC04}.Ad-Hoc|ARM.ActiveCfg = Release|ARM
		{E5E56426-F2DB-4FD4-AEA9-D92F94A7DC04}.Ad-Hoc|ARM.Build.0 = Release|ARM
		{E5E56426-F2DB-4FD4-AEA9-D92F94A7DC04}.Ad-Hoc|ARM.Deploy.0 = Release|ARM
		{E5E56426-F2DB-4FD4-AEA9-D92F94A7DC04}.Ad-Hoc|iPhone.ActiveCfg = Release|x86
		{E5E56426-F2DB-4FD4-AEA9-D92F94A7DC04}.Ad-Hoc|iPhone.Build.0 = Release|x86
		{E5E56426-F2DB-4FD4-AEA9-D92F94A7DC04}.Ad-Hoc|iPhone.Deploy.0 = Release|x86
		{E5E56426-F2DB-4FD4-AEA9-D92F94A7DC04}.Ad-Hoc|iPhoneSimulator.ActiveCfg = Release|x86
		{E5E56426-F2DB-4FD4-AEA9-D92F94A7DC04}.Ad-Hoc|iPhoneSimulator.Build.0 = Release|x86
		{E5E56426-F2DB-4FD4-AEA9-D92F94A7DC04}.Ad-Hoc|iPhoneSimulator.Deploy.0 = Release|x86
		{E5E56426-F2DB-4FD4-AEA9-D92F94A7DC04}.Ad-Hoc|x64.ActiveCfg = Release|x64
		{E5E56426-F2DB-4FD4-AEA9-D92F94A7DC04}.Ad-Hoc|x64.Build.0 = Release|x64
		{E5E56426-F2DB-4FD4-AEA9-D92F94A7DC04}.Ad-Hoc|x64.Deploy.0 = Release|x64
		{E5E56426-F2DB-4FD4-AEA9-D92F94A7DC04}.Ad-Hoc|x86.ActiveCfg = Release|x86
		{E5E56426-F2DB-4FD4-AEA9-D92F94A7DC04}.Ad-Hoc|x86.Build.0 = Release|x86
		{E5E56426-F2DB-4FD4-AEA9-D92F94A7DC04}.Ad-Hoc|x86.Deploy.0 = Release|x86
		{E5E56426-F2DB-4FD4-AEA9-D92F94A7DC04}.AppStore|Any CPU.ActiveCfg = Release|x86
		{E5E56426-F2DB-4FD4-AEA9-D92F94A7DC04}.AppStore|Any CPU.Build.0 = Release|x86
		{E5E56426-F2DB-4FD4-AEA9-D92F94A7DC04}.AppStore|Any CPU.Deploy.0 = Release|x86
		{E5E56426-F2DB-4FD4-AEA9-D92F94A7DC04}.AppStore|ARM.ActiveCfg = Release|ARM
		{E5E56426-F2DB-4FD4-AEA9-D92F94A7DC04}.AppStore|ARM.Build.0 = Release|ARM
		{E5E56426-F2DB-4FD4-AEA9-D92F94A7DC04}.AppStore|ARM.Deploy.0 = Release|ARM
		{E5E56426-F2DB-4FD4-AEA9-D92F94A7DC04}.AppStore|iPhone.ActiveCfg = Release|x86
		{E5E56426-F2DB-4FD4-AEA9-D92F94A7DC04}.AppStore|iPhone.Build.0 = Release|x86
		{E5E56426-F2DB-4FD4-AEA9-D92F94A7DC04}.AppStore|iPhone.Deploy.0 = Release|x86
		{E5E56426-F2DB-4FD4-AEA9-D92F94A7DC04}.AppStore|iPhoneSimulator.ActiveCfg = Release|x86
		{E5E56426-F2DB-4FD4-AEA9-D92F94A7DC04}.AppStore|iPhoneSimulator.Build.0 = Release|x86
		{E5E56426-F2DB-4FD4-AEA9-D92F94A7DC04}.AppStore|iPhoneSimulator.Deploy.0 = Release|x86
		{E5E56426-F2DB-4FD4-AEA9-D92F94A7DC04}.AppStore|x64.ActiveCfg = Release|x64
		{E5E56426-F2DB-4FD4-AEA9-D92F94A7DC04}.AppStore|x64.Build.0 = Release|x64
		{E5E56426-F2DB-4FD4-AEA9-D92F94A7DC04}.AppStore|x64.Deploy.0 = Release|x64
		{E5E56426-F2DB-4FD4-AEA9-D92F94A7DC04}.AppStore|x86.ActiveCfg = Release|x86
		{E5E56426-F2DB-4FD4-AEA9-D92F94A7DC04}.AppStore|x86.Build.0 = Release|x86
		{E5E56426-F2DB-4FD4-AEA9-D92F94A7DC04}.AppStore|x86.Deploy.0 = Release|x86
		{E5E56426-F2DB-4FD4-AEA9-D92F94A7DC04}.Debug|Any CPU.ActiveCfg = Debug|x86
		{E5E56426-F2DB-4FD4-AEA9-D92F94A7DC04}.Debug|ARM.ActiveCfg = Debug|ARM
		{E5E56426-F2DB-4FD4-AEA9-D92F94A7DC04}.Debug|ARM.Build.0 = Debug|ARM
		{E5E56426-F2DB-4FD4-AEA9-D92F94A7DC04}.Debug|ARM.Deploy.0 = Debug|ARM
		{E5E56426-F2DB-4FD4-AEA9-D92F94A7DC04}.Debug|iPhone.ActiveCfg = Debug|x86
		{E5E56426-F2DB-4FD4-AEA9-D92F94A7DC04}.Debug|iPhoneSimulator.ActiveCfg = Debug|x86
		{E5E56426-F2DB-4FD4-AEA9-D92F94A7DC04}.Debug|x64.ActiveCfg = Debug|x64
		{E5E56426-F2DB-4FD4-AEA9-D92F94A7DC04}.Debug|x64.Build.0 = Debug|x64
		{E5E56426-F2DB-4FD4-AEA9-D92F94A7DC04}.Debug|x64.Deploy.0 = Debug|x64
		{E5E56426-F2DB-4FD4-AEA9-D92F94A7DC04}.Debug|x86.ActiveCfg = Debug|x86
		{E5E56426-F2DB-4FD4-AEA9-D92F94A7DC04}.Debug|x86.Build.0 = Debug|x86
		{E5E56426-F2DB-4FD4-AEA9-D92F94A7DC04}.Debug|x86.Deploy.0 = Debug|x86
		{E5E56426-F2DB-4FD4-AEA9-D92F94A7DC04}.Release|Any CPU.ActiveCfg = Release|x86
		{E5E56426-F2DB-4FD4-AEA9-D92F94A7DC04}.Release|ARM.ActiveCfg = Release|ARM
		{E5E56426-F2DB-4FD4-AEA9-D92F94A7DC04}.Release|ARM.Build.0 = Release|ARM
		{E5E56426-F2DB-4FD4-AEA9-D92F94A7DC04}.Release|ARM.Deploy.0 = Release|ARM
		{E5E56426-F2DB-4FD4-AEA9-D92F94A7DC04}.Release|iPhone.ActiveCfg = Release|x86
		{E5E56426-F2DB-4FD4-AEA9-D92F94A7DC04}.Release|iPhoneSimulator.ActiveCfg = Release|x86
		{E5E56426-F2DB-4FD4-AEA9-D92F94A7DC04}.Release|x64.ActiveCfg = Release|x64
		{E5E56426-F2DB-4FD4-AEA9-D92F94A7DC04}.Release|x64.Build.0 = Release|x64
		{E5E56426-F2DB-4FD4-AEA9-D92F94A7DC04}.Release|x64.Deploy.0 = Release|x64
		{E5E56426-F2DB-4FD4-AEA9-D92F94A7DC04}.Release|x86.ActiveCfg = Release|x86
		{E5E56426-F2DB-4FD4-AEA9-D92F94A7DC04}.Release|x86.Build.0 = Release|x86
		{E5E56426-F2DB-4FD4-AEA9-D92F94A7DC04}.Release|x86.Deploy.0 = Release|x86
		{51D285C8-5F38-4D81-B13A-C89279E6E40B}.Ad-Hoc|Any CPU.ActiveCfg = Debug|Any CPU
		{51D285C8-5F38-4D81-B13A-C89279E6E40B}.Ad-Hoc|Any CPU.Build.0 = Debug|Any CPU
		{51D285C8-5F38-4D81-B13A-C89279E6E40B}.Ad-Hoc|ARM.ActiveCfg = Debug|Any CPU
		{51D285C8-5F38-4D81-B13A-C89279E6E40B}.Ad-Hoc|ARM.Build.0 = Debug|Any CPU
		{51D285C8-5F38-4D81-B13A-C89279E6E40B}.Ad-Hoc|iPhone.ActiveCfg = Debug|Any CPU
		{51D285C8-5F38-4D81-B13A-C89279E6E40B}.Ad-Hoc|iPhone.Build.0 = Debug|Any CPU
		{51D285C8-5F38-4D81-B13A-C89279E6E40B}.Ad-Hoc|iPhoneSimulator.ActiveCfg = Debug|Any CPU
		{51D285C8-5F38-4D81-B13A-C89279E6E40B}.Ad-Hoc|iPhoneSimulator.Build.0 = Debug|Any CPU
		{51D285C8-5F38-4D81-B13A-C89279E6E40B}.Ad-Hoc|x64.ActiveCfg = Debug|Any CPU
		{51D285C8-5F38-4D81-B13A-C89279E6E40B}.Ad-Hoc|x64.Build.0 = Debug|Any CPU
		{51D285C8-5F38-4D81-B13A-C89279E6E40B}.Ad-Hoc|x86.ActiveCfg = Debug|Any CPU
		{51D285C8-5F38-4D81-B13A-C89279E6E40B}.Ad-Hoc|x86.Build.0 = Debug|Any CPU
		{51D285C8-5F38-4D81-B13A-C89279E6E40B}.AppStore|Any CPU.ActiveCfg = Debug|Any CPU
		{51D285C8-5F38-4D81-B13A-C89279E6E40B}.AppStore|Any CPU.Build.0 = Debug|Any CPU
		{51D285C8-5F38-4D81-B13A-C89279E6E40B}.AppStore|ARM.ActiveCfg = Debug|Any CPU
		{51D285C8-5F38-4D81-B13A-C89279E6E40B}.AppStore|ARM.Build.0 = Debug|Any CPU
		{51D285C8-5F38-4D81-B13A-C89279E6E40B}.AppStore|iPhone.ActiveCfg = Debug|Any CPU
		{51D285C8-5F38-4D81-B13A-C89279E6E40B}.AppStore|iPhone.Build.0 = Debug|Any CPU
		{51D285C8-5F38-4D81-B13A-C89279E6E40B}.AppStore|iPhoneSimulator.ActiveCfg = Debug|Any CPU
		{51D285C8-5F38-4D81-B13A-C89279E6E40B}.AppStore|iPhoneSimulator.Build.0 = Debug|Any CPU
		{51D285C8-5F38-4D81-B13A-C89279E6E40B}.AppStore|x64.ActiveCfg = Debug|Any CPU
		{51D285C8-5F38-4D81-B13A-C89279E6E40B}.AppStore|x64.Build.0 = Debug|Any CPU
		{51D285C8-5F38-4D81-B13A-C89279E6E40B}.AppStore|x86.ActiveCfg = Debug|Any CPU
		{51D285C8-5F38-4D81-B13A-C89279E6E40B}.AppStore|x86.Build.0 = Debug|Any CPU
		{51D285C8-5F38-4D81-B13A-C89279E6E40B}.Debug|Any CPU.ActiveCfg = Debug|Any CPU
		{51D285C8-5F38-4D81-B13A-C89279E6E40B}.Debug|Any CPU.Build.0 = Debug|Any CPU
		{51D285C8-5F38-4D81-B13A-C89279E6E40B}.Debug|ARM.ActiveCfg = Debug|Any CPU
		{51D285C8-5F38-4D81-B13A-C89279E6E40B}.Debug|ARM.Build.0 = Debug|Any CPU
		{51D285C8-5F38-4D81-B13A-C89279E6E40B}.Debug|iPhone.ActiveCfg = Debug|Any CPU
		{51D285C8-5F38-4D81-B13A-C89279E6E40B}.Debug|iPhone.Build.0 = Debug|Any CPU
		{51D285C8-5F38-4D81-B13A-C89279E6E40B}.Debug|iPhoneSimulator.ActiveCfg = Debug|Any CPU
		{51D285C8-5F38-4D81-B13A-C89279E6E40B}.Debug|iPhoneSimulator.Build.0 = Debug|Any CPU
		{51D285C8-5F38-4D81-B13A-C89279E6E40B}.Debug|x64.ActiveCfg = Debug|Any CPU
		{51D285C8-5F38-4D81-B13A-C89279E6E40B}.Debug|x64.Build.0 = Debug|Any CPU
		{51D285C8-5F38-4D81-B13A-C89279E6E40B}.Debug|x86.ActiveCfg = Debug|Any CPU
		{51D285C8-5F38-4D81-B13A-C89279E6E40B}.Debug|x86.Build.0 = Debug|Any CPU
		{51D285C8-5F38-4D81-B13A-C89279E6E40B}.Release|Any CPU.ActiveCfg = Release|Any CPU
		{51D285C8-5F38-4D81-B13A-C89279E6E40B}.Release|Any CPU.Build.0 = Release|Any CPU
		{51D285C8-5F38-4D81-B13A-C89279E6E40B}.Release|ARM.ActiveCfg = Release|Any CPU
		{51D285C8-5F38-4D81-B13A-C89279E6E40B}.Release|ARM.Build.0 = Release|Any CPU
		{51D285C8-5F38-4D81-B13A-C89279E6E40B}.Release|iPhone.ActiveCfg = Release|Any CPU
		{51D285C8-5F38-4D81-B13A-C89279E6E40B}.Release|iPhone.Build.0 = Release|Any CPU
		{51D285C8-5F38-4D81-B13A-C89279E6E40B}.Release|iPhoneSimulator.ActiveCfg = Release|Any CPU
		{51D285C8-5F38-4D81-B13A-C89279E6E40B}.Release|iPhoneSimulator.Build.0 = Release|Any CPU
		{51D285C8-5F38-4D81-B13A-C89279E6E40B}.Release|x64.ActiveCfg = Release|Any CPU
		{51D285C8-5F38-4D81-B13A-C89279E6E40B}.Release|x64.Build.0 = Release|Any CPU
		{51D285C8-5F38-4D81-B13A-C89279E6E40B}.Release|x86.ActiveCfg = Release|Any CPU
		{51D285C8-5F38-4D81-B13A-C89279E6E40B}.Release|x86.Build.0 = Release|Any CPU
	EndGlobalSection
	GlobalSection(SolutionProperties) = preSolution
		HideSolutionNode = FALSE
	EndGlobalSection
	GlobalSection(ExtensibilityGlobals) = postSolution
		SolutionGuid = {2541493F-FE14-4BA3-96E0-869B8EEBF926}
	EndGlobalSection
EndGlobal
